
Microsoft Visual Studio Solution File, Format Version 12.00
# Visual Studio Version 17
VisualStudioVersion = 17.0.31903.59
MinimumVisualStudioVersion = 10.0.40219.1
Project("{2150E333-8FDC-42A3-9474-1A3956D46DE8}") = "modules", "modules", "{E226C622-21C8-412A-915A-5FFF114DD19B}"
EndProject
Project("{FAE04EC0-301F-11D3-BF4B-00C04F79EFBC}") = "01-fundamentals", "modules\01-fundamentals\01-fundamentals.csproj", "{79931039-8A65-4530-9348-85BB3E341B20}"
EndProject
Project("{FAE04EC0-301F-11D3-BF4B-00C04F79EFBC}") = "02-types-and-variables", "modules\02-types-and-variables\02-types-and-variables.csproj", "{920FF62F-3D2D-40ED-907C-0810316A37CD}"
EndProject
Project("{FAE04EC0-301F-11D3-BF4B-00C04F79EFBC}") = "03-operators-and-casting", "modules\03-operators-and-casting\03-operators-and-casting.csproj", "{C37F40CF-059A-4F92-A797-2150D8658A56}"
EndProject
Project("{FAE04EC0-301F-11D3-BF4B-00C04F79EFBC}") = "04-control-flow", "modules\04-control-flow\04-control-flow.csproj", "{D569FA0C-B7B0-4012-9246-1C1DE93AFC6F}"
EndProject
Project("{FAE04EC0-301F-11D3-BF4B-00C04F79EFBC}") = "05-methods-and-parameters", "modules\05-methods-and-parameters\05-methods-and-parameters.csproj", "{41A35033-363A-4285-B494-B839E44DBD89}"
EndProject
Project("{FAE04EC0-301F-11D3-BF4B-00C04F79EFBC}") = "06-classes-and-objects", "modules\06-classes-and-objects\06-classes-and-objects.csproj", "{35AC9E70-D6B1-4E56-91CD-9406FE697646}"
EndProject
Project("{FAE04EC0-301F-11D3-BF4B-00C04F79EFBC}") = "07-oop-inheritance-polymorphism", "modules\07-oop-inheritance-polymorphism\07-oop-inheritance-polymorphism.csproj", "{F2A0371F-A6E1-4D44-A40E-B1CC52BC5192}"
EndProject
Project("{FAE04EC0-301F-11D3-BF4B-00C04F79EFBC}") = "08-interfaces-and-abstract", "modules\08-interfaces-and-abstract\08-interfaces-and-abstract.csproj", "{108FEE15-A6E8-43C7-9F18-42BEB8BFA356}"
EndProject
Project("{FAE04EC0-301F-11D3-BF4B-00C04F79EFBC}") = "09-encapsulation-and-properties", "modules\09-encapsulation-and-properties\09-encapsulation-and-properties.csproj", "{7E3F71BC-B604-4BA9-A450-4B2C7C3697BB}"
EndProject
Project("{FAE04EC0-301F-11D3-BF4B-00C04F79EFBC}") = "10-static-and-structs-enums", "modules\10-static-and-structs-enums\10-static-and-structs-enums.csproj", "{CFDE56DD-63C5-40EC-9B9E-E8CCD311ECE7}"
EndProject
Project("{FAE04EC0-301F-11D3-BF4B-00C04F79EFBC}") = "11-arrays-and-collections", "modules\11-arrays-and-collections\11-arrays-and-collections.csproj", "{F659D68B-6A9B-4D7A-AF7D-0E19198D86C9}"
EndProject
Project("{FAE04EC0-301F-11D3-BF4B-00C04F79EFBC}") = "12-strings-and-formatting", "modules\12-strings-and-formatting\12-strings-and-formatting.csproj", "{028B9EDE-4F7B-4A44-B77A-A471D3871A5D}"
EndProject
Project("{FAE04EC0-301F-11D3-BF4B-00C04F79EFBC}") = "13-exceptions", "modules\13-exceptions\13-exceptions.csproj", "{58F7DB82-583B-44CD-B00B-C55ED86C24E1}"
EndProject
Project("{FAE04EC0-301F-11D3-BF4B-00C04F79EFBC}") = "14-generics", "modules\14-generics\14-generics.csproj", "{31CE30F1-B344-4F71-9FAE-7C5C43FCB788}"
EndProject
Project("{FAE04EC0-301F-11D3-BF4B-00C04F79EFBC}") = "15-delegates-events-lambda", "modules\15-delegates-events-lambda\15-delegates-events-lambda.csproj", "{51CD322A-B6F3-4A84-AB76-9C20DF08BFA0}"
EndProject
Project("{FAE04EC0-301F-11D3-BF4B-00C04F79EFBC}") = "16-linq", "modules\16-linq\16-linq.csproj", "{6440A61B-58D8-4D65-83B0-882887F38814}"
EndProject
Project("{FAE04EC0-301F-11D3-BF4B-00C04F79EFBC}") = "17-async-await", "modules\17-async-await\17-async-await.csproj", "{EDAB130B-C005-499F-9F17-E73EB20AD2BE}"
EndProject
Project("{FAE04EC0-301F-11D3-BF4B-00C04F79EFBC}") = "18-files-and-json", "modules\18-files-and-json\18-files-and-json.csproj", "{E3D6B901-C3D2-4381-AA8A-A17B6DF495AD}"
EndProject
Project("{FAE04EC0-301F-11D3-BF4B-00C04F79EFBC}") = "19-modern-csharp", "modules\19-modern-csharp\19-modern-csharp.csproj", "{722D6424-8C1B-43FC-B0D7-67C546696DA6}"
EndProject
Project("{FAE04EC0-301F-11D3-BF4B-00C04F79EFBC}") = "20-disposal-and-resources", "modules\20-disposal-and-resources\20-disposal-and-resources.csproj", "{CD51F2E4-DD19-4E63-9C09-DA23B50D78C3}"
EndProject
Project("{FAE04EC0-301F-11D3-BF4B-00C04F79EFBC}") = "21-aspnet-minimal-api", "modules\21-aspnet-minimal-api\21-aspnet-minimal-api.csproj", "{D99F76B2-56C2-4D12-9891-DED1E9953C53}"
EndProject
Global
	GlobalSection(SolutionConfigurationPlatforms) = preSolution
		Debug|Any CPU = Debug|Any CPU
		Release|Any CPU = Release|Any CPU
	EndGlobalSection
	GlobalSection(SolutionProperties) = preSolution
		HideSolutionNode = FALSE
	EndGlobalSection
	GlobalSection(ProjectConfigurationPlatforms) = postSolution
		{79931039-8A65-4530-9348-85BB3E341B20}.Debug|Any CPU.ActiveCfg = Debug|Any CPU
		{79931039-8A65-4530-9348-85BB3E341B20}.Debug|Any CPU.Build.0 = Debug|Any CPU
		{79931039-8A65-4530-9348-85BB3E341B20}.Release|Any CPU.ActiveCfg = Release|Any CPU
		{79931039-8A65-4530-9348-85BB3E341B20}.Release|Any CPU.Build.0 = Release|Any CPU
		{920FF62F-3D2D-40ED-907C-0810316A37CD}.Debug|Any CPU.ActiveCfg = Debug|Any CPU
		{920FF62F-3D2D-40ED-907C-0810316A37CD}.Debug|Any CPU.Build.0 = Debug|Any CPU
		{920FF62F-3D2D-40ED-907C-0810316A37CD}.Release|Any CPU.ActiveCfg = Release|Any CPU
		{920FF62F-3D2D-40ED-907C-0810316A37CD}.Release|Any CPU.Build.0 = Release|Any CPU
		{C37F40CF-059A-4F92-A797-2150D8658A56}.Debug|Any CPU.ActiveCfg = Debug|Any CPU
		{C37F40CF-059A-4F92-A797-2150D8658A56}.Debug|Any CPU.Build.0 = Debug|Any CPU
		{C37F40CF-059A-4F92-A797-2150D8658A56}.Release|Any CPU.ActiveCfg = Release|Any CPU
		{C37F40CF-059A-4F92-A797-2150D8658A56}.Release|Any CPU.Build.0 = Release|Any CPU
		{D569FA0C-B7B0-4012-9246-1C1DE93AFC6F}.Debug|Any CPU.ActiveCfg = Debug|Any CPU
		{D569FA0C-B7B0-4012-9246-1C1DE93AFC6F}.Debug|Any CPU.Build.0 = Debug|Any CPU
		{D569FA0C-B7B0-4012-9246-1C1DE93AFC6F}.Release|Any CPU.ActiveCfg = Release|Any CPU
		{D569FA0C-B7B0-4012-9246-1C1DE93AFC6F}.Release|Any CPU.Build.0 = Release|Any CPU
		{41A35033-363A-4285-B494-B839E44DBD89}.Debug|Any CPU.ActiveCfg = Debug|Any CPU
		{41A35033-363A-4285-B494-B839E44DBD89}.Debug|Any CPU.Build.0 = Debug|Any CPU
		{41A35033-363A-4285-B494-B839E44DBD89}.Release|Any CPU.ActiveCfg = Release|Any CPU
		{41A35033-363A-4285-B494-B839E44DBD89}.Release|Any CPU.Build.0 = Release|Any CPU
		{35AC9E70-D6B1-4E56-91CD-9406FE697646}.Debug|Any CPU.ActiveCfg = Debug|Any CPU
		{35AC9E70-D6B1-4E56-91CD-9406FE697646}.Debug|Any CPU.Build.0 = Debug|Any CPU
		{35AC9E70-D6B1-4E56-91CD-9406FE697646}.Release|Any CPU.ActiveCfg = Release|Any CPU
		{35AC9E70-D6B1-4E56-91CD-9406FE697646}.Release|Any CPU.Build.0 = Release|Any CPU
		{F2A0371F-A6E1-4D44-A40E-B1CC52BC5192}.Debug|Any CPU.ActiveCfg = Debug|Any CPU
		{F2A0371F-A6E1-4D44-A40E-B1CC52BC5192}.Debug|Any CPU.Build.0 = Debug|Any CPU
		{F2A0371F-A6E1-4D44-A40E-B1CC52BC5192}.Release|Any CPU.ActiveCfg = Release|Any CPU
		{F2A0371F-A6E1-4D44-A40E-B1CC52BC5192}.Release|Any CPU.Build.0 = Release|Any CPU
		{108FEE15-A6E8-43C7-9F18-42BEB8BFA356}.Debug|Any CPU.ActiveCfg = Debug|Any CPU
		{108FEE15-A6E8-43C7-9F18-42BEB8BFA356}.Debug|Any CPU.Build.0 = Debug|Any CPU
		{108FEE15-A6E8-43C7-9F18-42BEB8BFA356}.Release|Any CPU.ActiveCfg = Release|Any CPU
		{108FEE15-A6E8-43C7-9F18-42BEB8BFA356}.Release|Any CPU.Build.0 = Release|Any CPU
		{7E3F71BC-B604-4BA9-A450-4B2C7C3697BB}.Debug|Any CPU.ActiveCfg = Debug|Any CPU
		{7E3F71BC-B604-4BA9-A450-4B2C7C3697BB}.Debug|Any CPU.Build.0 = Debug|Any CPU
		{7E3F71BC-B604-4BA9-A450-4B2C7C3697BB}.Release|Any CPU.ActiveCfg = Release|Any CPU
		{7E3F71BC-B604-4BA9-A450-4B2C7C3697BB}.Release|Any CPU.Build.0 = Release|Any CPU
		{CFDE56DD-63C5-40EC-9B9E-E8CCD311ECE7}.Debug|Any CPU.ActiveCfg = Debug|Any CPU
		{CFDE56DD-63C5-40EC-9B9E-E8CCD311ECE7}.Debug|Any CPU.Build.0 = Debug|Any CPU
		{CFDE56DD-63C5-40EC-9B9E-E8CCD311ECE7}.Release|Any CPU.ActiveCfg = Release|Any CPU
		{CFDE56DD-63C5-40EC-9B9E-E8CCD311ECE7}.Release|Any CPU.Build.0 = Release|Any CPU
		{F659D68B-6A9B-4D7A-AF7D-0E19198D86C9}.Debug|Any CPU.ActiveCfg = Debug|Any CPU
		{F659D68B-6A9B-4D7A-AF7D-0E19198D86C9}.Debug|Any CPU.Build.0 = Debug|Any CPU
		{F659D68B-6A9B-4D7A-AF7D-0E19198D86C9}.Release|Any CPU.ActiveCfg = Release|Any CPU
		{F659D68B-6A9B-4D7A-AF7D-0E19198D86C9}.Release|Any CPU.Build.0 = Release|Any CPU
		{028B9EDE-4F7B-4A44-B77A-A471D3871A5D}.Debug|Any CPU.ActiveCfg = Debug|Any CPU
		{028B9EDE-4F7B-4A44-B77A-A471D3871A5D}.Debug|Any CPU.Build.0 = Debug|Any CPU
		{028B9EDE-4F7B-4A44-B77A-A471D3871A5D}.Release|Any CPU.ActiveCfg = Release|Any CPU
		{028B9EDE-4F7B-4A44-B77A-A471D3871A5D}.Release|Any CPU.Build.0 = Release|Any CPU
		{58F7DB82-583B-44CD-B00B-C55ED86C24E1}.Debug|Any CPU.ActiveCfg = Debug|Any CPU
		{58F7DB82-583B-44CD-B00B-C55ED86C24E1}.Debug|Any CPU.Build.0 = Debug|Any CPU
		{58F7DB82-583B-44CD-B00B-C55ED86C24E1}.Release|Any CPU.ActiveCfg = Release|Any CPU
		{58F7DB82-583B-44CD-B00B-C55ED86C24E1}.Release|Any CPU.Build.0 = Release|Any CPU
		{31CE30F1-B344-4F71-9FAE-7C5C43FCB788}.Debug|Any CPU.ActiveCfg = Debug|Any CPU
		{31CE30F1-B344-4F71-9FAE-7C5C43FCB788}.Debug|Any CPU.Build.0 = Debug|Any CPU
		{31CE30F1-B344-4F71-9FAE-7C5C43FCB788}.Release|Any CPU.ActiveCfg = Release|Any CPU
		{31CE30F1-B344-4F71-9FAE-7C5C43FCB788}.Release|Any CPU.Build.0 = Release|Any CPU
		{51CD322A-B6F3-4A84-AB76-9C20DF08BFA0}.Debug|Any CPU.ActiveCfg = Debug|Any CPU
		{51CD322A-B6F3-4A84-AB76-9C20DF08BFA0}.Debug|Any CPU.Build.0 = Debug|Any CPU
		{51CD322A-B6F3-4A84-AB76-9C20DF08BFA0}.Release|Any CPU.ActiveCfg = Release|Any CPU
		{51CD322A-B6F3-4A84-AB76-9C20DF08BFA0}.Release|Any CPU.Build.0 = Release|Any CPU
		{6440A61B-58D8-4D65-83B0-882887F38814}.Debug|Any CPU.ActiveCfg = Debug|Any CPU
		{6440A61B-58D8-4D65-83B0-882887F38814}.Debug|Any CPU.Build.0 = Debug|Any CPU
		{6440A61B-58D8-4D65-83B0-882887F38814}.Release|Any CPU.ActiveCfg = Release|Any CPU
		{6440A61B-58D8-4D65-83B0-882887F38814}.Release|Any CPU.Build.0 = Release|Any CPU
		{EDAB130B-C005-499F-9F17-E73EB20AD2BE}.Debug|Any CPU.ActiveCfg = Debug|Any CPU
		{EDAB130B-C005-499F-9F17-E73EB20AD2BE}.Debug|Any CPU.Build.0 = Debug|Any CPU
		{EDAB130B-C005-499F-9F17-E73EB20AD2BE}.Release|Any CPU.ActiveCfg = Release|Any CPU
		{EDAB130B-C005-499F-9F17-E73EB20AD2BE}.Release|Any CPU.Build.0 = Release|Any CPU
		{E3D6B901-C3D2-4381-AA8A-A17B6DF495AD}.Debug|Any CPU.ActiveCfg = Debug|Any CPU
		{E3D6B901-C3D2-4381-AA8A-A17B6DF495AD}.Debug|Any CPU.Build.0 = Debug|Any CPU
		{E3D6B901-C3D2-4381-AA8A-A17B6DF495AD}.Release|Any CPU.ActiveCfg = Release|Any CPU
		{E3D6B901-C3D2-4381-AA8A-A17B6DF495AD}.Release|Any CPU.Build.0 = Release|Any CPU
		{722D6424-8C1B-43FC-B0D7-67C546696DA6}.Debug|Any CPU.ActiveCfg = Debug|Any CPU
		{722D6424-8C1B-43FC-B0D7-67C546696DA6}.Debug|Any CPU.Build.0 = Debug|Any CPU
		{722D6424-8C1B-43FC-B0D7-67C546696DA6}.Release|Any CPU.ActiveCfg = Release|Any CPU
		{722D6424-8C1B-43FC-B0D7-67C546696DA6}.Release|Any CPU.Build.0 = Release|Any CPU
		{CD51F2E4-DD19-4E63-9C09-DA23B50D78C3}.Debug|Any CPU.ActiveCfg = Debug|Any CPU
		{CD51F2E4-DD19-4E63-9C09-DA23B50D78C3}.Debug|Any CPU.Build.0 = Debug|Any CPU
		{CD51F2E4-DD19-4E63-9C09-DA23B50D78C3}.Release|Any CPU.ActiveCfg = Release|Any CPU
		{CD51F2E4-DD19-4E63-9C09-DA23B50D78C3}.Release|Any CPU.Build.0 = Release|Any CPU
		{D99F76B2-56C2-4D12-9891-DED1E9953C53}.Debug|Any CPU.ActiveCfg = Debug|Any CPU
		{D99F76B2-56C2-4D12-9891-DED1E9953C53}.Debug|Any CPU.Build.0 = Debug|Any CPU
		{D99F76B2-56C2-4D12-9891-DED1E9953C53}.Release|Any CPU.ActiveCfg = Release|Any CPU
		{D99F76B2-56C2-4D12-9891-DED1E9953C53}.Release|Any CPU.Build.0 = Release|Any CPU
	EndGlobalSection
	GlobalSection(NestedProjects) = preSolution
		{79931039-8A65-4530-9348-85BB3E341B20} = {E226C622-21C8-412A-915A-5FFF114DD19B}
		{920FF62F-3D2D-40ED-907C-0810316A37CD} = {E226C622-21C8-412A-915A-5FFF114DD19B}
		{C37F40CF-059A-4F92-A797-2150D8658A56} = {E226C622-21C8-412A-915A-5FFF114DD19B}
		{D569FA0C-B7B0-4012-9246-1C1DE93AFC6F} = {E226C622-21C8-412A-915A-5FFF114DD19B}
		{41A35033-363A-4285-B494-B839E44DBD89} = {E226C622-21C8-412A-915A-5FFF114DD19B}
		{35AC9E70-D6B1-4E56-91CD-9406FE697646} = {E226C622-21C8-412A-915A-5FFF114DD19B}
		{F2A0371F-A6E1-4D44-A40E-B1CC52BC5192} = {E226C622-21C8-412A-915A-5FFF114DD19B}
		{108FEE15-A6E8-43C7-9F18-42BEB8BFA356} = {E226C622-21C8-412A-915A-5FFF114DD19B}
		{7E3F71BC-B604-4BA9-A450-4B2C7C3697BB} = {E226C622-21C8-412A-915A-5FFF114DD19B}
		{CFDE56DD-63C5-40EC-9B9E-E8CCD311ECE7} = {E226C622-21C8-412A-915A-5FFF114DD19B}
		{F659D68B-6A9B-4D7A-AF7D-0E19198D86C9} = {E226C622-21C8-412A-915A-5FFF114DD19B}
		{028B9EDE-4F7B-4A44-B77A-A471D3871A5D} = {E226C622-21C8-412A-915A-5FFF114DD19B}
		{58F7DB82-583B-44CD-B00B-C55ED86C24E1} = {E226C622-21C8-412A-915A-5FFF114DD19B}
		{31CE30F1-B344-4F71-9FAE-7C5C43FCB788} = {E226C622-21C8-412A-915A-5FFF114DD19B}
		{51CD322A-B6F3-4A84-AB76-9C20DF08BFA0} = {E226C622-21C8-412A-915A-5FFF114DD19B}
		{6440A61B-58D8-4D65-83B0-882887F38814} = {E226C622-21C8-412A-915A-5FFF114DD19B}
		{EDAB130B-C005-499F-9F17-E73EB20AD2BE} = {E226C622-21C8-412A-915A-5FFF114DD19B}
		{E3D6B901-C3D2-4381-AA8A-A17B6DF495AD} = {E226C622-21C8-412A-915A-5FFF114DD19B}
		{722D6424-8C1B-43FC-B0D7-67C546696DA6} = {E226C622-21C8-412A-915A-5FFF114DD19B}
		{CD51F2E4-DD19-4E63-9C09-DA23B50D78C3} = {E226C622-21C8-412A-915A-5FFF114DD19B}
		{D99F76B2-56C2-4D12-9891-DED1E9953C53} = {E226C622-21C8-412A-915A-5FFF114DD19B}
	EndGlobalSection
EndGlobal
